Microsoft Visual Studio Solution File, Format Version 12.00
# Visual Studio Version 17
VisualStudioVersion = 17.5.2.0
MinimumVisualStudioVersion = 10.0.40219.1
Project("{FAE04EC0-301F-11D3-BF4B-00C04F79EFBC}") = "open-closed-principle", "open-closed-principle.csproj", "{D64BB75E-EFCF-8A71-2D54-96F589F7E7A3}"
EndProject
Global
	GlobalSection(SolutionConfigurationPlatforms) = preSolution
		Debug|Any CPU = Debug|Any CPU
		Release|Any CPU = Release|Any CPU
	EndGlobalSection
	GlobalSection(ProjectConfigurationPlatforms) = postSolution
		{D64BB75E-EFCF-8A71-2D54-96F589F7E7A3}.Debug|Any CPU.ActiveCfg = Debug|Any CPU
		{D64BB75E-EFCF-8A71-2D54-96F589F7E7A3}.Debug|Any CPU.Build.0 = Debug|Any CPU
		{D64BB75E-EFCF-8A71-2D54-96F589F7E7A3}.Release|Any CPU.ActiveCfg = Release|Any CPU
		{D64BB75E-EFCF-8A71-2D54-96F589F7E7A3}.Release|Any CPU.Build.0 = Release|Any CPU
	EndGlobalSection
	GlobalSection(SolutionProperties) = preSolution
		HideSolutionNode = FALSE
	EndGlobalSection
	GlobalSection(ExtensibilityGlobals) = postSolution
		SolutionGuid = {8EEDF025-8724-4D79-B471-3F341E7DF9F8}
	EndGlobalSection
EndGlobal
