Microsoft Visual Studio Solution File, Format Version 12.00
# Visual Studio Version 17
VisualStudioVersion = 17.5.2.0
MinimumVisualStudioVersion = 10.0.40219.1
Project("{FAE04EC0-301F-11D3-BF4B-00C04F79EFBC}") = "single-responsibility-principle", "single-responsibility-principle.csproj", "{BAA3C4C3-0AA4-E807-64AA-5C4A3E13E13A}"
EndProject
Global
	GlobalSection(SolutionConfigurationPlatforms) = preSolution
		Debug|Any CPU = Debug|Any CPU
		Release|Any CPU = Release|Any CPU
	EndGlobalSection
	GlobalSection(ProjectConfigurationPlatforms) = postSolution
		{BAA3C4C3-0AA4-E807-64AA-5C4A3E13E13A}.Debug|Any CPU.ActiveCfg = Debug|Any CPU
		{BAA3C4C3-0AA4-E807-64AA-5C4A3E13E13A}.Debug|Any CPU.Build.0 = Debug|Any CPU
		{BAA3C4C3-0AA4-E807-64AA-5C4A3E13E13A}.Release|Any CPU.ActiveCfg = Release|Any CPU
		{BAA3C4C3-0AA4-E807-64AA-5C4A3E13E13A}.Release|Any CPU.Build.0 = Release|Any CPU
	EndGlobalSection
	GlobalSection(SolutionProperties) = preSolution
		HideSolutionNode = FALSE
	EndGlobalSection
	GlobalSection(ExtensibilityGlobals) = postSolution
		SolutionGuid = {3ED7E292-09C5-4D68-8E79-11750DED026A}
	EndGlobalSection
EndGlobal
